// !$*UTF8*$!
{
	archiveVersion = 1;
	classes = {
	};
	objectVersion = 51;
	objects = {

/* Begin PBXBuildFile section */
		10219D19260DD7CB00FEDC36 /* NetworkService.swift in Sources */ = {isa = PBXBuildFile; fileRef = 10219D18260DD7CB00FEDC36 /* NetworkService.swift */; };
		105BF2BE2604C6FE009CEE92 /* AppConstants.swift in Sources */ = {isa = PBXBuildFile; fileRef = 105BF2BD2604C6FE009CEE92 /* AppConstants.swift */; };
		105BF2C72604E2AB009CEE92 /* UIImageViewExtension.swift in Sources */ = {isa = PBXBuildFile; fileRef = 105BF2C62604E2AB009CEE92 /* UIImageViewExtension.swift */; };
		107E2E522601F1E400D9D9FF /* AppDelegate.swift in Sources */ = {isa = PBXBuildFile; fileRef = 107E2E512601F1E400D9D9FF /* AppDelegate.swift */; };
		107E2E542601F1E400D9D9FF /* SceneDelegate.swift in Sources */ = {isa = PBXBuildFile; fileRef = 107E2E532601F1E400D9D9FF /* SceneDelegate.swift */; };
		107E2E562601F1E400D9D9FF /* ViewController.swift in Sources */ = {isa = PBXBuildFile; fileRef = 107E2E552601F1E400D9D9FF /* ViewController.swift */; };
		107E2E592601F1E400D9D9FF /* Main.storyboard in Resources */ = {isa = PBXBuildFile; fileRef = 107E2E572601F1E400D9D9FF /* Main.storyboard */; };
		107E2E5B2601F1E800D9D9FF /* Assets.xcassets in Resources */ = {isa = PBXBuildFile; fileRef = 107E2E5A2601F1E800D9D9FF /* Assets.xcassets */; };
		107E2E5E2601F1E800D9D9FF /* LaunchScreen.storyboard in Resources */ = {isa = PBXBuildFile; fileRef = 107E2E5C2601F1E800D9D9FF /* LaunchScreen.storyboard */; };
		107E2E6B26022D3C00D9D9FF /* MoviesModel.swift in Sources */ = {isa = PBXBuildFile; fileRef = 107E2E6A26022D3C00D9D9FF /* MoviesModel.swift */; };
		10EF74D926024E9100085BAA /* MoviesCollectionViewCell.swift in Sources */ = {isa = PBXBuildFile; fileRef = 10EF74D826024E9100085BAA /* MoviesCollectionViewCell.swift */; };
		10EF74DC2602A65200085BAA /* DetailViewController.swift in Sources */ = {isa = PBXBuildFile; fileRef = 10EF74DB2602A65200085BAA /* DetailViewController.swift */; };
		96B0DA0A636FB83FB5908A39 /* Pods_moviesApp.framework in Frameworks */ = {isa = PBXBuildFile; fileRef = 5079463714889811D33CA36E /* Pods_moviesApp.framework */; };
		B672311F260A4C5800657BC3 /* UIButtonExtension.swift in Sources */ = {isa = PBXBuildFile; fileRef = B672311E260A4C5800657BC3 /* UIButtonExtension.swift */; };
/* End PBXBuildFile section */

/* Begin PBXFileReference section */
		10219D18260DD7CB00FEDC36 /* NetworkService.swift */ = {isa = PBXFileReference; lastKnownFileType = sourcecode.swift; path = NetworkService.swift; sourceTree = "<group>"; };
		105BF2BD2604C6FE009CEE92 /* AppConstants.swift */ = {isa = PBXFileReference; lastKnownFileType = sourcecode.swift; path = AppConstants.swift; sourceTree = "<group>"; };
		105BF2C62604E2AB009CEE92 /* UIImageViewExtension.swift */ = {isa = PBXFileReference; lastKnownFileType = sourcecode.swift; path = UIImageViewExtension.swift; sourceTree = "<group>"; };
		107E2E4E2601F1E400D9D9FF /* moviesApp.app */ = {isa = PBXFileReference; explicitFileType = wrapper.application; includeInIndex = 0; path = moviesApp.app; sourceTree = BUILT_PRODUCTS_DIR; };
		107E2E512601F1E400D9D9FF /* AppDelegate.swift */ = {isa = PBXFileReference; lastKnownFileType = sourcecode.swift; path = AppDelegate.swift; sourceTree = "<group>"; };
		107E2E532601F1E400D9D9FF /* SceneDelegate.swift */ = {isa = PBXFileReference; lastKnownFileType = sourcecode.swift; path = SceneDelegate.swift; sourceTree = "<group>"; };
		107E2E552601F1E400D9D9FF /* ViewController.swift */ = {isa = PBXFileReference; lastKnownFileType = sourcecode.swift; path = ViewController.swift; sourceTree = "<group>"; };
		107E2E582601F1E400D9D9FF /* Base */ = {isa = PBXFileReference; lastKnownFileType = file.storyboard; name = Base; path = Base.lproj/Main.storyboard; sourceTree = "<group>"; };
		107E2E5A2601F1E800D9D9FF /* Assets.xcassets */ = {isa = PBXFileReference; lastKnownFileType = folder.assetcatalog; path = Assets.xcassets; sourceTree = "<group>"; };
		107E2E5D2601F1E800D9D9FF /* Base */ = {isa = PBXFileReference; lastKnownFileType = file.storyboard; name = Base; path = Base.lproj/LaunchScreen.storyboard; sourceTree = "<group>"; };
		107E2E5F2601F1E800D9D9FF /* Info.plist */ = {isa = PBXFileReference; lastKnownFileType = text.plist.xml; path = Info.plist; sourceTree = "<group>"; };
		107E2E6A26022D3C00D9D9FF /* MoviesModel.swift */ = {isa = PBXFileReference; lastKnownFileType = sourcecode.swift; path = MoviesModel.swift; sourceTree = "<group>"; };
		10EF74D826024E9100085BAA /* MoviesCollectionViewCell.swift */ = {isa = PBXFileReference; lastKnownFileType = sourcecode.swift; path = MoviesCollectionViewCell.swift; sourceTree = "<group>"; };
		10EF74DB2602A65200085BAA /* DetailViewController.swift */ = {isa = PBXFileReference; lastKnownFileType = sourcecode.swift; path = DetailViewController.swift; sourceTree = "<group>"; };
		4E85200301F104BBD92D6026 /* Pods-moviesApp.debug.xcconfig */ = {isa = PBXFileReference; includeInIndex = 1; lastKnownFileType = text.xcconfig; name = "Pods-moviesApp.debug.xcconfig"; path = "Target Support Files/Pods-moviesApp/Pods-moviesApp.debug.xcconfig"; sourceTree = "<group>"; };
		5079463714889811D33CA36E /* Pods_moviesApp.framework */ = {isa = PBXFileReference; explicitFileType = wrapper.framework; includeInIndex = 0; path = Pods_moviesApp.framework; sourceTree = BUILT_PRODUCTS_DIR; };
		B672311E260A4C5800657BC3 /* UIButtonExtension.swift */ = {isa = PBXFileReference; fileEncoding = 4; lastKnownFileType = sourcecode.swift; path = UIButtonExtension.swift; sourceTree = "<group>"; };
		D3E0689E2AE021899926DD26 /* Pods-moviesApp.release.xcconfig */ = {isa = PBXFileReference; includeInIndex = 1; lastKnownFileType = text.xcconfig; name = "Pods-moviesApp.release.xcconfig"; path = "Target Support Files/Pods-moviesApp/Pods-moviesApp.release.xcconfig"; sourceTree = "<group>"; };
/* End PBXFileReference section */

/* Begin PBXFrameworksBuildPhase section */
		107E2E4B2601F1E400D9D9FF /* Frameworks */ = {
			isa = PBXFrameworksBuildPhase;
			buildActionMask = 2147483647;
			files = (
				96B0DA0A636FB83FB5908A39 /* Pods_moviesApp.framework in Frameworks */,
			);
			runOnlyForDeploymentPostprocessing = 0;
		};
/* End PBXFrameworksBuildPhase section */

/* Begin PBXGroup section */
		10219D12260DD42000FEDC36 /* Network */ = {
			isa = PBXGroup;
			children = (
				10219D18260DD7CB00FEDC36 /* NetworkService.swift */,
			);
			path = Network;
			sourceTree = "<group>";
		};
		105BF2BC2604C6C2009CEE92 /* AppConstants */ = {
			isa = PBXGroup;
			children = (
				105BF2BD2604C6FE009CEE92 /* AppConstants.swift */,
			);
			path = AppConstants;
			sourceTree = "<group>";
		};
		105BF2C02604E1E2009CEE92 /* Extensions */ = {
			isa = PBXGroup;
			children = (
				105BF2C62604E2AB009CEE92 /* UIImageViewExtension.swift */,
				B672311E260A4C5800657BC3 /* UIButtonExtension.swift */,
			);
			path = Extensions;
			sourceTree = "<group>";
		};
		107E2E452601F1E400D9D9FF = {
			isa = PBXGroup;
			children = (
				10219D12260DD42000FEDC36 /* Network */,
				105BF2C02604E1E2009CEE92 /* Extensions */,
				105BF2BC2604C6C2009CEE92 /* AppConstants */,
				107E2E6926022D2400D9D9FF /* Model */,
				107E2E502601F1E400D9D9FF /* moviesApp */,
				107E2E4F2601F1E400D9D9FF /* Products */,
				33291ECBADA3896598C0F2FF /* Pods */,
				6F7E3E408AFAC87B4060BAAE /* Frameworks */,
			);
			sourceTree = "<group>";
		};
		107E2E4F2601F1E400D9D9FF /* Products */ = {
			isa = PBXGroup;
			children = (
				107E2E4E2601F1E400D9D9FF /* moviesApp.app */,
			);
			name = Products;
			sourceTree = "<group>";
		};
		107E2E502601F1E400D9D9FF /* moviesApp */ = {
			isa = PBXGroup;
			children = (
				107E2E512601F1E400D9D9FF /* AppDelegate.swift */,
				107E2E532601F1E400D9D9FF /* SceneDelegate.swift */,
				107E2E552601F1E400D9D9FF /* ViewController.swift */,
				107E2E572601F1E400D9D9FF /* Main.storyboard */,
				107E2E5A2601F1E800D9D9FF /* Assets.xcassets */,
				107E2E5C2601F1E800D9D9FF /* LaunchScreen.storyboard */,
				107E2E5F2601F1E800D9D9FF /* Info.plist */,
				10EF74D826024E9100085BAA /* MoviesCollectionViewCell.swift */,
				10EF74DB2602A65200085BAA /* DetailViewController.swift */,
			);
			path = moviesApp;
			sourceTree = "<group>";
		};
		107E2E6926022D2400D9D9FF /* Model */ = {
			isa = PBXGroup;
			children = (
				107E2E6A26022D3C00D9D9FF /* MoviesModel.swift */,
			);
			path = Model;
			sourceTree = "<group>";
		};
		33291ECBADA3896598C0F2FF /* Pods */ = {
			isa = PBXGroup;
			children = (
				4E85200301F104BBD92D6026 /* Pods-moviesApp.debug.xcconfig */,
				D3E0689E2AE021899926DD26 /* Pods-moviesApp.release.xcconfig */,
			);
			path = Pods;
			sourceTree = "<group>";
		};
		6F7E3E408AFAC87B4060BAAE /* Frameworks */ = {
			isa = PBXGroup;
			children = (
				5079463714889811D33CA36E /* Pods_moviesApp.framework */,
			);
			name = Frameworks;
			sourceTree = "<group>";
		};
/* End PBXGroup section */

/* Begin PBXNativeTarget section */
		107E2E4D2601F1E400D9D9FF /* moviesApp */ = {
			isa = PBXNativeTarget;
			buildConfigurationList = 107E2E622601F1E800D9D9FF /* Build configuration list for PBXNativeTarget "moviesApp" */;
			buildPhases = (
				F2350E7666A6E17FE8C0DABF /* [CP] Check Pods Manifest.lock */,
				107E2E4A2601F1E400D9D9FF /* Sources */,
				107E2E4B2601F1E400D9D9FF /* Frameworks */,
				107E2E4C2601F1E400D9D9FF /* Resources */,
				250AEEF164820613C4ED6F44 /* [CP] Embed Pods Frameworks */,
			);
			buildRules = (
			);
			dependencies = (
			);
			name = moviesApp;
			productName = moviesApp;
			productReference = 107E2E4E2601F1E400D9D9FF /* moviesApp.app */;
			productType = "com.apple.product-type.application";
		};
/* End PBXNativeTarget section */

/* Begin PBXProject section */
		107E2E462601F1E400D9D9FF /* Project object */ = {
			isa = PBXProject;
			attributes = {
				LastSwiftUpdateCheck = 1240;
				LastUpgradeCheck = 1240;
				TargetAttributes = {
					107E2E4D2601F1E400D9D9FF = {
						CreatedOnToolsVersion = 12.4;
					};
				};
			};
			buildConfigurationList = 107E2E492601F1E400D9D9FF /* Build configuration list for PBXProject "moviesApp" */;
			compatibilityVersion = "Xcode 9.3";
			developmentRegion = en;
			hasScannedForEncodings = 0;
			knownRegions = (
				en,
				Base,
			);
			mainGroup = 107E2E452601F1E400D9D9FF;
			productRefGroup = 107E2E4F2601F1E400D9D9FF /* Products */;
			projectDirPath = "";
			projectRoot = "";
			targets = (
				107E2E4D2601F1E400D9D9FF /* moviesApp */,
			);
		};
/* End PBXProject section */

/* Begin PBXResourcesBuildPhase section */
		107E2E4C2601F1E400D9D9FF /* Resources */ = {
			isa = PBXResourcesBuildPhase;
			buildActionMask = 2147483647;
			files = (
				107E2E5E2601F1E800D9D9FF /* LaunchScreen.storyboard in Resources */,
				107E2E5B2601F1E800D9D9FF /* Assets.xcassets in Resources */,
				107E2E592601F1E400D9D9FF /* Main.storyboard in Resources */,
			);
			runOnlyForDeploymentPostprocessing = 0;
		};
/* End PBXResourcesBuildPhase section */

/* Begin PBXShellScriptBuildPhase section */
		250AEEF164820613C4ED6F44 /* [CP] Embed Pods Frameworks */ = {
			isa = PBXShellScriptBuildPhase;
			buildActionMask = 2147483647;
			files = (
			);
			inputFileListPaths = (
				"${PODS_ROOT}/Target Support Files/Pods-moviesApp/Pods-moviesApp-frameworks-${CONFIGURATION}-input-files.xcfilelist",
			);
			name = "[CP] Embed Pods Frameworks";
			outputFileListPaths = (
				"${PODS_ROOT}/Target Support Files/Pods-moviesApp/Pods-moviesApp-frameworks-${CONFIGURATION}-output-files.xcfilelist",
			);
			runOnlyForDeploymentPostprocessing = 0;
			shellPath = /bin/sh;
			shellScript = "\"${PODS_ROOT}/Target Support Files/Pods-moviesApp/Pods-moviesApp-frameworks.sh\"\n";
			showEnvVarsInLog = 0;
		};
		F2350E7666A6E17FE8C0DABF /* [CP] Check Pods Manifest.lock */ = {
			isa = PBXShellScriptBuildPhase;
			buildActionMask = 2147483647;
			files = (
			);
			inputFileListPaths = (
			);
			inputPaths = (
				"${PODS_PODFILE_DIR_PATH}/Podfile.lock",
				"${PODS_ROOT}/Manifest.lock",
			);
			name = "[CP] Check Pods Manifest.lock";
			outputFileListPaths = (
			);
			outputPaths = (
				"$(DERIVED_FILE_DIR)/Pods-moviesApp-checkManifestLockResult.txt",
			);
			runOnlyForDeploymentPostprocessing = 0;
			shellPath = /bin/sh;
			shellScript = "diff \"${PODS_PODFILE_DIR_PATH}/Podfile.lock\" \"${PODS_ROOT}/Manifest.lock\" > /dev/null\nif [ $? != 0 ] ; then\n    # print error to STDERR\n    echo \"error: The sandbox is not in sync with the Podfile.lock. Run 'pod install' or update your CocoaPods installation.\" >&2\n    exit 1\nfi\n# This output is used by Xcode 'outputs' to avoid re-running this script phase.\necho \"SUCCESS\" > \"${SCRIPT_OUTPUT_FILE_0}\"\n";
			showEnvVarsInLog = 0;
		};
/* End PBXShellScriptBuildPhase section */

/* Begin PBXSourcesBuildPhase section */
		107E2E4A2601F1E400D9D9FF /* Sources */ = {
			isa = PBXSourcesBuildPhase;
			buildActionMask = 2147483647;
			files = (
				10219D19260DD7CB00FEDC36 /* NetworkService.swift in Sources */,
				107E2E562601F1E400D9D9FF /* ViewController.swift in Sources */,
				107E2E522601F1E400D9D9FF /* AppDelegate.swift in Sources */,
				107E2E6B26022D3C00D9D9FF /* MoviesModel.swift in Sources */,
				10EF74DC2602A65200085BAA /* DetailViewController.swift in Sources */,
				105BF2BE2604C6FE009CEE92 /* AppConstants.swift in Sources */,
				B672311F260A4C5800657BC3 /* UIButtonExtension.swift in Sources */,
				107E2E542601F1E400D9D9FF /* SceneDelegate.swift in Sources */,
				105BF2C72604E2AB009CEE92 /* UIImageViewExtension.swift in Sources */,
				10EF74D926024E9100085BAA /* MoviesCollectionViewCell.swift in Sources */,
			);
			runOnlyForDeploymentPostprocessing = 0;
		};
/* End PBXSourcesBuildPhase section */

/* Begin PBXVariantGroup section */
		107E2E572601F1E400D9D9FF /* Main.storyboard */ = {
			isa = PBXVariantGroup;
			children = (
				107E2E582601F1E400D9D9FF /* Base */,
			);
			name = Main.storyboard;
			sourceTree = "<group>";
		};
		107E2E5C2601F1E800D9D9FF /* LaunchScreen.storyboard */ = {
			isa = PBXVariantGroup;
			children = (
				107E2E5D2601F1E800D9D9FF /* Base */,
			);
			name = LaunchScreen.storyboard;
			sourceTree = "<group>";
		};
/* End PBXVariantGroup section */

/* Begin XCBuildConfiguration section */
		107E2E602601F1E800D9D9FF /* Debug */ = {
			isa = XCBuildConfiguration;
			buildSettings = {
				ALWAYS_SEARCH_USER_PATHS = NO;
				CLANG_ANALYZER_NONNULL = YES;
				CLANG_ANALYZER_NUMBER_OBJECT_CONVERSION = YES_AGGRESSIVE;
				CLANG_CXX_LANGUAGE_STANDARD = "gnu++14";
				CLANG_CXX_LIBRARY = "libc++";
				CLANG_ENABLE_MODULES = YES;
				CLANG_ENABLE_OBJC_ARC = YES;
				CLANG_ENABLE_OBJC_WEAK = YES;
				CLANG_WARN_BLOCK_CAPTURE_AUTORELEASING = YES;
				CLANG_WARN_BOOL_CONVERSION = YES;
				CLANG_WARN_COMMA = YES;
				CLANG_WARN_CONSTANT_CONVERSION = YES;
				CLANG_WARN_DEPRECATED_OBJC_IMPLEMENTATIONS = YES;
				CLANG_WARN_DIRECT_OBJC_ISA_USAGE = YES_ERROR;
				CLANG_WARN_DOCUMENTATION_COMMENTS = YES;
				CLANG_WARN_EMPTY_BODY = YES;
				CLANG_WARN_ENUM_CONVERSION = YES;
				CLANG_WARN_INFINITE_RECURSION = YES;
				CLANG_WARN_INT_CONVERSION = YES;
				CLANG_WARN_NON_LITERAL_NULL_CONVERSION = YES;
				CLANG_WARN_OBJC_IMPLICIT_RETAIN_SELF = YES;
				CLANG_WARN_OBJC_LITERAL_CONVERSION = YES;
				CLANG_WARN_OBJC_ROOT_CLASS = YES_ERROR;
				CLANG_WARN_QUOTED_INCLUDE_IN_FRAMEWORK_HEADER = YES;
				CLANG_WARN_RANGE_LOOP_ANALYSIS = YES;
				CLANG_WARN_STRICT_PROTOTYPES = YES;
				CLANG_WARN_SUSPICIOUS_MOVE = YES;
				CLANG_WARN_UNGUARDED_AVAILABILITY = YES_AGGRESSIVE;
				CLANG_WARN_UNREACHABLE_CODE = YES;
				CLANG_WARN__DUPLICATE_METHOD_MATCH = YES;
				COPY_PHASE_STRIP = NO;
				DEBUG_INFORMATION_FORMAT = dwarf;
				ENABLE_STRICT_OBJC_MSGSEND = YES;
				ENABLE_TESTABILITY = YES;
				GCC_C_LANGUAGE_STANDARD = gnu11;
				GCC_DYNAMIC_NO_PIC = NO;
				GCC_NO_COMMON_BLOCKS = YES;
				GCC_OPTIMIZATION_LEVEL = 0;
				GCC_PREPROCESSOR_DEFINITIONS = (
					"DEBUG=1",
					"$(inherited)",
				);
				GCC_WARN_64_TO_32_BIT_CONVERSION = YES;
				GCC_WARN_ABOUT_RETURN_TYPE = YES_ERROR;
				GCC_WARN_UNDECLARED_SELECTOR = YES;
				GCC_WARN_UNINITIALIZED_AUTOS = YES_AGGRESSIVE;
				GCC_WARN_UNUSED_FUNCTION = YES;
				GCC_WARN_UNUSED_VARIABLE = YES;
				IPHONEOS_DEPLOYMENT_TARGET = 14.4;
				MTL_ENABLE_DEBUG_INFO = INCLUDE_SOURCE;
				MTL_FAST_MATH = YES;
				ONLY_ACTIVE_ARCH = YES;
				SDKROOT = iphoneos;
				SWIFT_ACTIVE_COMPILATION_CONDITIONS = DEBUG;
				SWIFT_OPTIMIZATION_LEVEL = "-Onone";
			};
			name = Debug;
		};
		107E2E612601F1E800D9D9FF /* Release */ = {
			isa = XCBuildConfiguration;
			buildSettings = {
				ALWAYS_SEARCH_USER_PATHS = NO;
				CLANG_ANALYZER_NONNULL = YES;
				CLANG_ANALYZER_NUMBER_OBJECT_CONVERSION = YES_AGGRESSIVE;
				CLANG_CXX_LANGUAGE_STANDARD = "gnu++14";
				CLANG_CXX_LIBRARY = "libc++";
				CLANG_ENABLE_MODULES = YES;
				CLANG_ENABLE_OBJC_ARC = YES;
				CLANG_ENABLE_OBJC_WEAK = YES;
				CLANG_WARN_BLOCK_CAPTURE_AUTORELEASING = YES;
				CLANG_WARN_BOOL_CONVERSION = YES;
				CLANG_WARN_COMMA = YES;
				CLANG_WARN_CONSTANT_CONVERSION = YES;
				CLANG_WARN_DEPRECATED_OBJC_IMPLEMENTATIONS = YES;
				CLANG_WARN_DIRECT_OBJC_ISA_USAGE = YES_ERROR;
				CLANG_WARN_DOCUMENTATION_COMMENTS = YES;
				CLANG_WARN_EMPTY_BODY = YES;
				CLANG_WARN_ENUM_CONVERSION = YES;
				CLANG_WARN_INFINITE_RECURSION = YES;
				CLANG_WARN_INT_CONVERSION = YES;
				CLANG_WARN_NON_LITERAL_NULL_CONVERSION = YES;
				CLANG_WARN_OBJC_IMPLICIT_RETAIN_SELF = YES;
				CLANG_WARN_OBJC_LITERAL_CONVERSION = YES;
				CLANG_WARN_OBJC_ROOT_CLASS = YES_ERROR;
				CLANG_WARN_QUOTED_INCLUDE_IN_FRAMEWORK_HEADER = YES;
				CLANG_WARN_RANGE_LOOP_ANALYSIS = YES;
				CLANG_WARN_STRICT_PROTOTYPES = YES;
				CLANG_WARN_SUSPICIOUS_MOVE = YES;
				CLANG_WARN_UNGUARDED_AVAILABILITY = YES_AGGRESSIVE;
				CLANG_WARN_UNREACHABLE_CODE = YES;
				CLANG_WARN__DUPLICATE_METHOD_MATCH = YES;
				COPY_PHASE_STRIP = NO;
				DEBUG_INFORMATION_FORMAT = "dwarf-with-dsym";
				ENABLE_NS_ASSERTIONS = NO;
				ENABLE_STRICT_OBJC_MSGSEND = YES;
				GCC_C_LANGUAGE_STANDARD = gnu11;
				GCC_NO_COMMON_BLOCKS = YES;
				GCC_WARN_64_TO_32_BIT_CONVERSION = YES;
				GCC_WARN_ABOUT_RETURN_TYPE = YES_ERROR;
				GCC_WARN_UNDECLARED_SELECTOR = YES;
				GCC_WARN_UNINITIALIZED_AUTOS = YES_AGGRESSIVE;
				GCC_WARN_UNUSED_FUNCTION = YES;
				GCC_WARN_UNUSED_VARIABLE = YES;
				IPHONEOS_DEPLOYMENT_TARGET = 14.4;
				MTL_ENABLE_DEBUG_INFO = NO;
				MTL_FAST_MATH = YES;
				SDKROOT = iphoneos;
				SWIFT_COMPILATION_MODE = wholemodule;
				SWIFT_OPTIMIZATION_LEVEL = "-O";
				VALIDATE_PRODUCT = YES;
			};
			name = Release;
		};
		107E2E632601F1E800D9D9FF /* Debug */ = {
			isa = XCBuildConfiguration;
			baseConfigurationReference = 4E85200301F104BBD92D6026 /* Pods-moviesApp.debug.xcconfig */;
			buildSettings = {
				ASSETCATALOG_COMPILER_APPICON_NAME = AppIcon;
				ASSETCATALOG_COMPILER_GLOBAL_ACCENT_COLOR_NAME = AccentColor;
				CODE_SIGN_STYLE = Automatic;
				INFOPLIST_FILE = moviesApp/Info.plist;
				LD_RUNPATH_SEARCH_PATHS = (
					"$(inherited)",
					"@executable_path/Frameworks",
				);
				PRODUCT_BUNDLE_IDENTIFIER = propeller.moviesApp;
				PRODUCT_NAME = "$(TARGET_NAME)";
				SWIFT_VERSION = 5.0;
				TARGETED_DEVICE_FAMILY = "1,2";
			};
			name = Debug;
		};
		107E2E642601F1E800D9D9FF /* Release */ = {
			isa = XCBuildConfiguration;
			baseConfigurationReference = D3E0689E2AE021899926DD26 /* Pods-moviesApp.release.xcconfig */;
			buildSettings = {
				ASSETCATALOG_COMPILER_APPICON_NAME = AppIcon;
				ASSETCATALOG_COMPILER_GLOBAL_ACCENT_COLOR_NAME = AccentColor;
				CODE_SIGN_STYLE = Automatic;
				INFOPLIST_FILE = moviesApp/Info.plist;
				LD_RUNPATH_SEARCH_PATHS = (
					"$(inherited)",
					"@executable_path/Frameworks",
				);
				PRODUCT_BUNDLE_IDENTIFIER = propeller.moviesApp;
				PRODUCT_NAME = "$(TARGET_NAME)";
				SWIFT_VERSION = 5.0;
				TARGETED_DEVICE_FAMILY = "1,2";
			};
			name = Release;
		};
/* End XCBuildConfiguration section */

/* Begin XCConfigurationList section */
		107E2E492601F1E400D9D9FF /* Build configuration list for PBXProject "moviesApp" */ = {
			isa = XCConfigurationList;
			buildConfigurations = (
				107E2E602601F1E800D9D9FF /* Debug */,
				107E2E612601F1E800D9D9FF /* Release */,
			);
			defaultConfigurationIsVisible = 0;
			defaultConfigurationName = Release;
		};
		107E2E622601F1E800D9D9FF /* Build configuration list for PBXNativeTarget "moviesApp" */ = {
			isa = XCConfigurationList;
			buildConfigurations = (
				107E2E632601F1E800D9D9FF /* Debug */,
				107E2E642601F1E800D9D9FF /* Release */,
			);
			defaultConfigurationIsVisible = 0;
			defaultConfigurationName = Release;
		};
/* End XCConfigurationList section */
	};
	rootObject = 107E2E462601F1E400D9D9FF /* Project object */;
}
